
Microsoft Visual Studio Solution File, Format Version 12.00
# Visual Studio Version 17
VisualStudioVersion = 17.8.34330.188
MinimumVisualStudioVersion = 10.0.40219.1
Project("{9A19103F-16F7-4668-BE54-9A1E7A4F7556}") = "Server.RestAPI", "net8\Server.RestAPI\Server.RestAPI.csproj", "{509827D6-D6E6-4564-8A33-7FEAC1D39811}"
EndProject
Project("{9A19103F-16F7-4668-BE54-9A1E7A4F7556}") = "Server.RestAPI.IntegrationTests", "net8\Server.RestAPI.IntegrationTests\Server.RestAPI.IntegrationTests.csproj", "{27EBA275-60CC-4FF1-9A44-A3A8C972E430}"
EndProject
Project("{9A19103F-16F7-4668-BE54-9A1E7A4F7556}") = "Server.gRPCAPI", "net8\Server.gRPCAPI\Server.gRPCAPI.csproj", "{1F0F8E8C-EEBB-40D2-8163-F1422E9CA73D}"
EndProject
Project("{2150E333-8FDC-42A3-9474-1A3956D46DE8}") = "net8", "net8", "{61BE5F69-5D19-4DA9-9816-EA53ED658267}"
EndProject
Project("{2150E333-8FDC-42A3-9474-1A3956D46DE8}") = "net7", "net7", "{35EAB2E5-9CEC-4387-8829-DFA81818A93B}"
EndProject
Project("{9A19103F-16F7-4668-BE54-9A1E7A4F7556}") = "Server.gRPCAPI", "net7\Server.gRPCAPI\Server.gRPCAPI.csproj", "{8A373849-D284-4C37-9B70-226746488293}"
EndProject
Project("{9A19103F-16F7-4668-BE54-9A1E7A4F7556}") = "Server.RestAPI", "net7\Server.RestAPI\Server.RestAPI.csproj", "{D731A4F2-770F-4E04-AFAE-247AAE3AF4F6}"
EndProject
Project("{9A19103F-16F7-4668-BE54-9A1E7A4F7556}") = "Server.RestAPI.IntegrationTests", "net7\Server.RestAPI.IntegrationTests\Server.RestAPI.IntegrationTests.csproj", "{9413624F-0BC2-4577-B20B-52DF5B0365C6}"
EndProject
Global
	GlobalSection(SolutionConfigurationPlatforms) = preSolution
		Debug|Any CPU = Debug|Any CPU
		Release|Any CPU = Release|Any CPU
	EndGlobalSection
	GlobalSection(ProjectConfigurationPlatforms) = postSolution
		{509827D6-D6E6-4564-8A33-7FEAC1D39811}.Debug|Any CPU.ActiveCfg = Debug|Any CPU
		{509827D6-D6E6-4564-8A33-7FEAC1D39811}.Debug|Any CPU.Build.0 = Debug|Any CPU
		{509827D6-D6E6-4564-8A33-7FEAC1D39811}.Release|Any CPU.ActiveCfg = Release|Any CPU
		{509827D6-D6E6-4564-8A33-7FEAC1D39811}.Release|Any CPU.Build.0 = Release|Any CPU
		{27EBA275-60CC-4FF1-9A44-A3A8C972E430}.Debug|Any CPU.ActiveCfg = Debug|Any CPU
		{27EBA275-60CC-4FF1-9A44-A3A8C972E430}.Debug|Any CPU.Build.0 = Debug|Any CPU
		{27EBA275-60CC-4FF1-9A44-A3A8C972E430}.Release|Any CPU.ActiveCfg = Release|Any CPU
		{27EBA275-60CC-4FF1-9A44-A3A8C972E430}.Release|Any CPU.Build.0 = Release|Any CPU
		{1F0F8E8C-EEBB-40D2-8163-F1422E9CA73D}.Debug|Any CPU.ActiveCfg = Debug|Any CPU
		{1F0F8E8C-EEBB-40D2-8163-F1422E9CA73D}.Debug|Any CPU.Build.0 = Debug|Any CPU
		{1F0F8E8C-EEBB-40D2-8163-F1422E9CA73D}.Release|Any CPU.ActiveCfg = Release|Any CPU
		{1F0F8E8C-EEBB-40D2-8163-F1422E9CA73D}.Release|Any CPU.Build.0 = Release|Any CPU
		{8A373849-D284-4C37-9B70-226746488293}.Debug|Any CPU.ActiveCfg = Debug|Any CPU
		{8A373849-D284-4C37-9B70-226746488293}.Debug|Any CPU.Build.0 = Debug|Any CPU
		{8A373849-D284-4C37-9B70-226746488293}.Release|Any CPU.ActiveCfg = Release|Any CPU
		{8A373849-D284-4C37-9B70-226746488293}.Release|Any CPU.Build.0 = Release|Any CPU
		{D731A4F2-770F-4E04-AFAE-247AAE3AF4F6}.Debug|Any CPU.ActiveCfg = Debug|Any CPU
		{D731A4F2-770F-4E04-AFAE-247AAE3AF4F6}.Debug|Any CPU.Build.0 = Debug|Any CPU
		{D731A4F2-770F-4E04-AFAE-247AAE3AF4F6}.Release|Any CPU.ActiveCfg = Release|Any CPU
		{D731A4F2-770F-4E04-AFAE-247AAE3AF4F6}.Release|Any CPU.Build.0 = Release|Any CPU
		{9413624F-0BC2-4577-B20B-52DF5B0365C6}.Debug|Any CPU.ActiveCfg = Debug|Any CPU
		{9413624F-0BC2-4577-B20B-52DF5B0365C6}.Debug|Any CPU.Build.0 = Debug|Any CPU
		{9413624F-0BC2-4577-B20B-52DF5B0365C6}.Release|Any CPU.ActiveCfg = Release|Any CPU
		{9413624F-0BC2-4577-B20B-52DF5B0365C6}.Release|Any CPU.Build.0 = Release|Any CPU
	EndGlobalSection
	GlobalSection(SolutionProperties) = preSolution
		HideSolutionNode = FALSE
	EndGlobalSection
	GlobalSection(NestedProjects) = preSolution
		{509827D6-D6E6-4564-8A33-7FEAC1D39811} = {61BE5F69-5D19-4DA9-9816-EA53ED658267}
		{27EBA275-60CC-4FF1-9A44-A3A8C972E430} = {61BE5F69-5D19-4DA9-9816-EA53ED658267}
		{1F0F8E8C-EEBB-40D2-8163-F1422E9CA73D} = {61BE5F69-5D19-4DA9-9816-EA53ED658267}
		{8A373849-D284-4C37-9B70-226746488293} = {35EAB2E5-9CEC-4387-8829-DFA81818A93B}
		{D731A4F2-770F-4E04-AFAE-247AAE3AF4F6} = {35EAB2E5-9CEC-4387-8829-DFA81818A93B}
		{9413624F-0BC2-4577-B20B-52DF5B0365C6} = {35EAB2E5-9CEC-4387-8829-DFA81818A93B}
	EndGlobalSection
	GlobalSection(ExtensibilityGlobals) = postSolution
		SolutionGuid = {0E1E5099-B54E-4174-A1FA-C9DF55841540}
	EndGlobalSection
EndGlobal
